
Microsoft Visual Studio Solution File, Format Version 12.00
# Visual Studio Version 17
VisualStudioVersion = 17.10.35004.147
MinimumVisualStudioVersion = 10.0.40219.1
Project("{2150E333-8FDC-42A3-9474-1A3956D46DE8}") = "tests", "tests", "{737F035F-404A-4FDD-AED7-E16AC1ACAE1C}"
EndProject
Project("{2150E333-8FDC-42A3-9474-1A3956D46DE8}") = "src", "src", "{FFA1BB0A-9D75-4B5D-8982-FC54202BFED3}"
EndProject
Project("{FAE04EC0-301F-11D3-BF4B-00C04F79EFBC}") = "Core", "src\Core\Core.csproj", "{0AE612E6-8CCE-43C5-AE7B-AAEFB404F1FE}"
EndProject
Project("{FAE04EC0-301F-11D3-BF4B-00C04F79EFBC}") = "Application", "src\Application\Application.csproj", "{E6AAC8AF-757B-415F-A08F-3F5281B2232B}"
EndProject
Project("{FAE04EC0-301F-11D3-BF4B-00C04F79EFBC}") = "Application.UnitTests", "tests\Application.UnitTests\Application.UnitTests.csproj", "{18BA4E1A-16B8-4F55-AF6B-6FD8815B85E6}"
EndProject
Global
	GlobalSection(SolutionConfigurationPlatforms) = preSolution
		Debug|Any CPU = Debug|Any CPU
		Release|Any CPU = Release|Any CPU
	EndGlobalSection
	GlobalSection(ProjectConfigurationPlatforms) = postSolution
		{0AE612E6-8CCE-43C5-AE7B-AAEFB404F1FE}.Debug|Any CPU.ActiveCfg = Debug|Any CPU
		{0AE612E6-8CCE-43C5-AE7B-AAEFB404F1FE}.Debug|Any CPU.Build.0 = Debug|Any CPU
		{0AE612E6-8CCE-43C5-AE7B-AAEFB404F1FE}.Release|Any CPU.ActiveCfg = Release|Any CPU
		{0AE612E6-8CCE-43C5-AE7B-AAEFB404F1FE}.Release|Any CPU.Build.0 = Release|Any CPU
		{E6AAC8AF-757B-415F-A08F-3F5281B2232B}.Debug|Any CPU.ActiveCfg = Debug|Any CPU
		{E6AAC8AF-757B-415F-A08F-3F5281B2232B}.Debug|Any CPU.Build.0 = Debug|Any CPU
		{E6AAC8AF-757B-415F-A08F-3F5281B2232B}.Release|Any CPU.ActiveCfg = Release|Any CPU
		{E6AAC8AF-757B-415F-A08F-3F5281B2232B}.Release|Any CPU.Build.0 = Release|Any CPU
		{18BA4E1A-16B8-4F55-AF6B-6FD8815B85E6}.Debug|Any CPU.ActiveCfg = Debug|Any CPU
		{18BA4E1A-16B8-4F55-AF6B-6FD8815B85E6}.Debug|Any CPU.Build.0 = Debug|Any CPU
		{18BA4E1A-16B8-4F55-AF6B-6FD8815B85E6}.Release|Any CPU.ActiveCfg = Release|Any CPU
		{18BA4E1A-16B8-4F55-AF6B-6FD8815B85E6}.Release|Any CPU.Build.0 = Release|Any CPU
	EndGlobalSection
	GlobalSection(SolutionProperties) = preSolution
		HideSolutionNode = FALSE
	EndGlobalSection
	GlobalSection(NestedProjects) = preSolution
		{0AE612E6-8CCE-43C5-AE7B-AAEFB404F1FE} = {FFA1BB0A-9D75-4B5D-8982-FC54202BFED3}
		{E6AAC8AF-757B-415F-A08F-3F5281B2232B} = {FFA1BB0A-9D75-4B5D-8982-FC54202BFED3}
		{18BA4E1A-16B8-4F55-AF6B-6FD8815B85E6} = {737F035F-404A-4FDD-AED7-E16AC1ACAE1C}
	EndGlobalSection
	GlobalSection(ExtensibilityGlobals) = postSolution
		SolutionGuid = {B307F19A-560D-4428-9EBE-4312D6C3F5FA}
	EndGlobalSection
EndGlobal
